
Microsoft Visual Studio Solution File, Format Version 12.00
# Visual Studio Version 16
VisualStudioVersion = 16.0.31515.178
MinimumVisualStudioVersion = 10.0.40219.1
Project("{8BC9CEB8-8B4A-11D0-8D11-00A0C91BC942}") = "Lesson1", "Lesson1.vcxproj", "{793DFE4D-F7E7-4C56-947E-1F6A552C510F}"
EndProject
Project("{8BC9CEB8-8B4A-11D0-8D11-00A0C91BC942}") = "Lesson2", "..\Lesson2\Lesson2.vcxproj", "{8FE7CBC1-4045-46FE-8C5A-B9EC792BB734}"
EndProject
Project("{8BC9CEB8-8B4A-11D0-8D11-00A0C91BC942}") = "Lesson3", "..\Lesson3\Lesson3.vcxproj", "{9C99E270-2DD8-404D-AA4D-40AAC65E82C0}"
EndProject
Project("{8BC9CEB8-8B4A-11D0-8D11-00A0C91BC942}") = "Lesson4", "..\Lesson4\Lesson4.vcxproj", "{FEE4F3C1-B4B3-4FD6-BED0-F7E7FF5EC06E}"
EndProject
Global
	GlobalSection(SolutionConfigurationPlatforms) = preSolution
		Debug|x64 = Debug|x64
		Debug|x86 = Debug|x86
		Release|x64 = Release|x64
		Release|x86 = Release|x86
	EndGlobalSection
	GlobalSection(ProjectConfigurationPlatforms) = postSolution
		{793DFE4D-F7E7-4C56-947E-1F6A552C510F}.Debug|x64.ActiveCfg = Debug|x64
		{793DFE4D-F7E7-4C56-947E-1F6A552C510F}.Debug|x64.Build.0 = Debug|x64
		{793DFE4D-F7E7-4C56-947E-1F6A552C510F}.Debug|x86.ActiveCfg = Debug|Win32
		{793DFE4D-F7E7-4C56-947E-1F6A552C510F}.Debug|x86.Build.0 = Debug|Win32
		{793DFE4D-F7E7-4C56-947E-1F6A552C510F}.Release|x64.ActiveCfg = Release|x64
		{793DFE4D-F7E7-4C56-947E-1F6A552C510F}.Release|x64.Build.0 = Release|x64
		{793DFE4D-F7E7-4C56-947E-1F6A552C510F}.Release|x86.ActiveCfg = Release|Win32
		{793DFE4D-F7E7-4C56-947E-1F6A552C510F}.Release|x86.Build.0 = Release|Win32
		{8FE7CBC1-4045-46FE-8C5A-B9EC792BB734}.Debug|x64.ActiveCfg = Debug|x64
		{8FE7CBC1-4045-46FE-8C5A-B9EC792BB734}.Debug|x64.Build.0 = Debug|x64
		{8FE7CBC1-4045-46FE-8C5A-B9EC792BB734}.Debug|x86.ActiveCfg = Debug|Win32
		{8FE7CBC1-4045-46FE-8C5A-B9EC792BB734}.Debug|x86.Build.0 = Debug|Win32
		{8FE7CBC1-4045-46FE-8C5A-B9EC792BB734}.Release|x64.ActiveCfg = Release|x64
		{8FE7CBC1-4045-46FE-8C5A-B9EC792BB734}.Release|x64.Build.0 = Release|x64
		{8FE7CBC1-4045-46FE-8C5A-B9EC792BB734}.Release|x86.ActiveCfg = Release|Win32
		{8FE7CBC1-4045-46FE-8C5A-B9EC792BB734}.Release|x86.Build.0 = Release|Win32
		{9C99E270-2DD8-404D-AA4D-40AAC65E82C0}.Debug|x64.ActiveCfg = Debug|x64
		{9C99E270-2DD8-404D-AA4D-40AAC65E82C0}.Debug|x64.Build.0 = Debug|x64
		{9C99E270-2DD8-404D-AA4D-40AAC65E82C0}.Debug|x86.ActiveCfg = Debug|Win32
		{9C99E270-2DD8-404D-AA4D-40AAC65E82C0}.Debug|x86.Build.0 = Debug|Win32
		{9C99E270-2DD8-404D-AA4D-40AAC65E82C0}.Release|x64.ActiveCfg = Release|x64
		{9C99E270-2DD8-404D-AA4D-40AAC65E82C0}.Release|x64.Build.0 = Release|x64
		{9C99E270-2DD8-404D-AA4D-40AAC65E82C0}.Release|x86.ActiveCfg = Release|Win32
		{9C99E270-2DD8-404D-AA4D-40AAC65E82C0}.Release|x86.Build.0 = Release|Win32
		{FEE4F3C1-B4B3-4FD6-BED0-F7E7FF5EC06E}.Debug|x64.ActiveCfg = Debug|x64
		{FEE4F3C1-B4B3-4FD6-BED0-F7E7FF5EC06E}.Debug|x64.Build.0 = Debug|x64
		{FEE4F3C1-B4B3-4FD6-BED0-F7E7FF5EC06E}.Debug|x86.ActiveCfg = Debug|Win32
		{FEE4F3C1-B4B3-4FD6-BED0-F7E7FF5EC06E}.Debug|x86.Build.0 = Debug|Win32
		{FEE4F3C1-B4B3-4FD6-BED0-F7E7FF5EC06E}.Release|x64.ActiveCfg = Release|x64
		{FEE4F3C1-B4B3-4FD6-BED0-F7E7FF5EC06E}.Release|x64.Build.0 = Release|x64
		{FEE4F3C1-B4B3-4FD6-BED0-F7E7FF5EC06E}.Release|x86.ActiveCfg = Release|Win32
		{FEE4F3C1-B4B3-4FD6-BED0-F7E7FF5EC06E}.Release|x86.Build.0 = Release|Win32
	EndGlobalSection
	GlobalSection(SolutionProperties) = preSolution
		HideSolutionNode = FALSE
	EndGlobalSection
	GlobalSection(ExtensibilityGlobals) = postSolution
		SolutionGuid = {65D9C972-40CE-4F92-89DB-26D5F65A5629}
	EndGlobalSection
EndGlobal
