<?xml version="1.0" encoding="utf-8"?>
<Project ToolsVersion="4.0" xmlns="http://schemas.microsoft.com/developer/msbuild/2003">
  <ItemGroup>
    <Filter Include="Resource Files">
      <UniqueIdentifier>{67DA6AB6-F800-4c08-8B7A-83BB121AAD01}</UniqueIdentifier>
      <Extensions>rc;ico;cur;bmp;dlg;rc2;rct;bin;rgs;gif;jpg;jpeg;jpe;resx;tiff;tif;png;wav;mfcribbon-ms</Extensions>
    </Filter>
    <Filter Include="BaseNode">
      <UniqueIdentifier>{f6c56e65-8695-4af3-89ee-137df4e3de99}</UniqueIdentifier>
    </Filter>
    <Filter Include="Ultilities">
      <UniqueIdentifier>{434a690e-3a06-4f99-817e-87acda74ef61}</UniqueIdentifier>
    </Filter>
    <Filter Include="Ultilities\OpenAL">
      <UniqueIdentifier>{55f2dbc3-01ae-4c4f-9a55-fa441bbb09d1}</UniqueIdentifier>
    </Filter>
    <Filter Include="Ultilities\Observer">
      <UniqueIdentifier>{fd1443c6-7796-42bb-849e-004dfcc69147}</UniqueIdentifier>
    </Filter>
    <Filter Include="Ultilities\OpenAL\Included">
      <UniqueIdentifier>{c0fdfcb6-cc66-4840-b01f-90686c6cb8af}</UniqueIdentifier>
    </Filter>
  </ItemGroup>
  <ItemGroup>
    <ClCompile Include="src\SoundBuffer.cpp">
      <Filter>Ultilities\OpenAL</Filter>
    </ClCompile>
    <ClCompile Include="src\SoundDevice.cpp">
      <Filter>Ultilities\OpenAL</Filter>
    </ClCompile>
    <ClCompile Include="src\SoundSource.cpp">
      <Filter>Ultilities\OpenAL</Filter>
    </ClCompile>
    <ClCompile Include="src\ISubject.cpp">
      <Filter>Ultilities\Observer</Filter>
    </ClCompile>
    <ClCompile Include="src\Timer.cpp">
      <Filter>BaseNode</Filter>
    </ClCompile>
    <ClCompile Include="src\Conductor.cpp">
      <Filter>BaseNode</Filter>
    </ClCompile>
    <ClCompile Include="src\Song.cpp">
      <Filter>BaseNode</Filter>
    </ClCompile>
  </ItemGroup>
  <ItemGroup>
    <ClInclude Include="src\SoundBuffer.h">
      <Filter>Ultilities\OpenAL</Filter>
    </ClInclude>
    <ClInclude Include="src\SoundDevice.h">
      <Filter>Ultilities\OpenAL</Filter>
    </ClInclude>
    <ClInclude Include="src\SoundSource.h">
      <Filter>Ultilities\OpenAL</Filter>
    </ClInclude>
    <ClInclude Include="src\IObserver.h">
      <Filter>Ultilities\Observer</Filter>
    </ClInclude>
    <ClInclude Include="src\ISubject.h">
      <Filter>Ultilities\Observer</Filter>
    </ClInclude>
    <ClInclude Include="src\Timer.h">
      <Filter>BaseNode</Filter>
    </ClInclude>
    <ClInclude Include="src\Conductor.h">
      <Filter>BaseNode</Filter>
    </ClInclude>
    <ClInclude Include="src\AL\al.h">
      <Filter>Ultilities\OpenAL\Included</Filter>
    </ClInclude>
    <ClInclude Include="src\AL\alc.h">
      <Filter>Ultilities\OpenAL\Included</Filter>
    </ClInclude>
    <ClInclude Include="src\AL\alext.h">
      <Filter>Ultilities\OpenAL\Included</Filter>
    </ClInclude>
    <ClInclude Include="src\AL\efx.h">
      <Filter>Ultilities\OpenAL\Included</Filter>
    </ClInclude>
    <ClInclude Include="src\AL\efx-creative.h">
      <Filter>Ultilities\OpenAL\Included</Filter>
    </ClInclude>
    <ClInclude Include="src\AL\efx-presets.h">
      <Filter>Ultilities\OpenAL\Included</Filter>
    </ClInclude>
    <ClInclude Include="src\Song.h">
      <Filter>BaseNode</Filter>
    </ClInclude>
  </ItemGroup>
</Project>